{
  "name": "地图标记案例",
  "lockfileVersion": 2,
  "requires": true,
  "packages": {
    "": {
      "dependencies": {
        "@faker-js/faker": "^6.1.1",
        "@types/google.maps": "^3.48.3"
      }
    },
    "node_modules/@faker-js/faker": {
      "version": "6.1.1",
      "resolved": "https://registry.npmmirror.com/@faker-js/faker/-/faker-6.1.1.tgz",
      "integrity": "sha512-8yq1LJVGn4GY06riLddIU1LbJm15yjt46hjfkpWNpH/mqdciPOBVzicKOJxzQNrGgVHVBxcdm7sgwjI/Y19MYw==",
      "engines": {
        "node": ">=14.0.0",
        "npm": ">=7.0.0"
      }
    },
    "node_modules/@types/google.maps": {
      "version": "3.48.3",
      "resolved": "https://registry.npmmirror.com/@types/google.maps/-/google.maps-3.48.3.tgz",
      "integrity": "sha512-JQuLWAEXDorNfarQy22WbIezbPKhLnsTBnDw25vyg61USZLTK8KqE1glNyASKn2v2mUOcEIWFMNHX5hNzjuw/g=="
    }
  },
  "dependencies": {
    "@faker-js/faker": {
      "version": "6.1.1",
      "resolved": "https://registry.npmmirror.com/@faker-js/faker/-/faker-6.1.1.tgz",
      "integrity": "sha512-8yq1LJVGn4GY06riLddIU1LbJm15yjt46hjfkpWNpH/mqdciPOBVzicKOJxzQNrGgVHVBxcdm7sgwjI/Y19MYw=="
    },
    "@types/google.maps": {
      "version": "3.48.3",
      "resolved": "https://registry.npmmirror.com/@types/google.maps/-/google.maps-3.48.3.tgz",
      "integrity": "sha512-JQuLWAEXDorNfarQy22WbIezbPKhLnsTBnDw25vyg61USZLTK8KqE1glNyASKn2v2mUOcEIWFMNHX5hNzjuw/g=="
    }
  }
}
